{
  "README.md:833347597": [
    [804, 29, 3, "Lint/Syntax: unexpected token tBDOT3\n(Using Ruby 3.2 parser; configure using `TargetRubyVersion` parameter, under `AllCops`)", 193347403],
    [811, 36, 3, "Lint/Syntax: unexpected token tBDOT3\n(Using Ruby 3.2 parser; configure using `TargetRubyVersion` parameter, under `AllCops`)", 193347403]
  ],
  "lib/tree_haver.rb:3051625986": [
    [204, 5, 28, "ThreadSafety/ClassAndModuleAttributes: Avoid mutating class and module attributes.", 1973484748],
    [960, 7, 4, "Lint/Void: Variable `lang` used in void context.", 2087664833]
  ],
  "lib/tree_haver/backends/ffi.rb:344054470": [
    [30, 7, 231, "Style/ClassMethodsDefinitions: Use `class << self` to define a class method.", 4278263153],
    [286, 11, 27, "Style/InvertibleUnlessCondition: Prefer `if cmp.nonzero?` over `unless cmp.zero?`.", 2077608974],
    [502, 11, 4, "Lint/Void: Variable `lang` used in void context.", 2087664833]
  ],
  "lib/tree_haver/backends/java.rb:1697176321": [
    [268, 11, 27, "Style/InvertibleUnlessCondition: Prefer `if cmp.nonzero?` over `unless cmp.zero?`.", 2077608974]
  ],
  "lib/tree_haver/backends/mri.rb:3301111084": [
    [113, 11, 27, "Style/InvertibleUnlessCondition: Prefer `if cmp.nonzero?` over `unless cmp.zero?`.", 2077608974]
  ],
  "lib/tree_haver/backends/rust.rb:1781628214": [
    [178, 11, 4, "Lint/Void: Variable `lang` used in void context.", 2087664833]
  ],
  "lib/tree_haver/node.rb:1340423843": [
    [438, 7, 27, "Style/InvertibleUnlessCondition: Prefer `if cmp.nonzero?` over `unless cmp.zero?`.", 2077608974],
    [441, 7, 27, "Style/InvertibleUnlessCondition: Prefer `if cmp.nonzero?` over `unless cmp.zero?`.", 2077608974]
  ],
  "spec/integration/backend_edge_cases_spec.rb:3125406541": [
    [235, 14, 13, "RSpec/ExpectActual: Provide the actual value you are testing to `expect(...)`.", 414119492],
    [240, 14, 13, "RSpec/ExpectActual: Provide the actual value you are testing to `expect(...)`.", 414119492],
    [245, 14, 13, "RSpec/ExpectActual: Provide the actual value you are testing to `expect(...)`.", 414119492],
    [250, 14, 13, "RSpec/ExpectActual: Provide the actual value you are testing to `expect(...)`.", 414119492]
  ],
  "spec/integration/tree_edge_cases_spec.rb:1271779987": [
    [30, 9, 29, "Style/SafeNavigation: Use safe navigation (`&.`) instead of checking if an object exists before calling the method.", 3686909303]
  ],
  "spec/tree_haver/backends/ffi_spec.rb:1603525871": [
    [150, 15, 17, "RSpec/ContextWording: Context description should match /^when\\b/, /^with\\b/, or /^without\\b/.", 1977790452]
  ],
  "spec/tree_haver/backends/java_spec.rb:2906563366": [
    [135, 9, 145, "Style/IdenticalConditionalBranches: Move `expect {\n          TreeHaver::Language.from_path(\"/nonexistent/path/to/libtree-sitter-toml.so\")\n        }.to raise_error(TreeHaver::NotAvailable)` out of the conditional.", 1628826806],
    [140, 48, 25, "RSpec/DescribedClass: Use `described_class` instead of `TreeHaver::Backends::Java`.", 3890130208],
    [141, 9, 145, "Style/IdenticalConditionalBranches: Move `expect {\n          TreeHaver::Language.from_path(\"/nonexistent/path/to/libtree-sitter-toml.so\")\n        }.to raise_error(TreeHaver::NotAvailable)` out of the conditional.", 1628826806]
  ],
  "spec/tree_haver/backends/mri_spec.rb:2684736764": [
    [202, 11, 6, "RSpec/ContextWording: Context description should match /^when\\b/, /^with\\b/, or /^without\\b/.", 3194201475],
    [210, 11, 6, "RSpec/ContextWording: Context description should match /^when\\b/, /^with\\b/, or /^without\\b/.", 3178067109]
  ],
  "spec/tree_haver/language_backend_spec.rb:1078657439": [
    [5, 16, 56, "RSpec/DescribeClass: The first argument to describe should be the class or module being tested.", 2912587316],
    [19, 7, 80, "RSpec/ReceiveMessages: Use `receive_messages` instead of multiple stubs on lines [20].", 776591838],
    [20, 7, 79, "RSpec/ReceiveMessages: Use `receive_messages` instead of multiple stubs on lines [19].", 4141954253],
    [105, 7, 80, "RSpec/ReceiveMessages: Use `receive_messages` instead of multiple stubs on lines [106].", 776591838],
    [106, 7, 79, "RSpec/ReceiveMessages: Use `receive_messages` instead of multiple stubs on lines [105].", 4141954253],
    [228, 7, 80, "RSpec/ReceiveMessages: Use `receive_messages` instead of multiple stubs on lines [229].", 776591838],
    [229, 7, 79, "RSpec/ReceiveMessages: Use `receive_messages` instead of multiple stubs on lines [228].", 4141954253],
    [313, 7, 80, "RSpec/ReceiveMessages: Use `receive_messages` instead of multiple stubs on lines [314].", 776591838],
    [314, 7, 79, "RSpec/ReceiveMessages: Use `receive_messages` instead of multiple stubs on lines [313].", 4141954253]
  ],
  "spec/tree_haver/language_spec.rb:2820796119": [
    [90, 14, 19, "RSpec/DescribedClass: Use `described_class` instead of `TreeHaver::Language`.", 4175521369],
    [101, 14, 19, "RSpec/DescribedClass: Use `described_class` instead of `TreeHaver::Language`.", 4175521369],
    [112, 14, 19, "RSpec/DescribedClass: Use `described_class` instead of `TreeHaver::Language`.", 4175521369]
  ],
  "spec/tree_haver/node_spec.rb:2653933782": [
    [96, 9, 28, "RSpec/StubbedMock: Prefer `allow` over `expect` when configuring a response.", 3667764013],
    [130, 14, 13, "RSpec/ExpectActual: Provide the actual value you are testing to `expect(...)`.", 414119492],
    [158, 14, 13, "RSpec/ExpectActual: Provide the actual value you are testing to `expect(...)`.", 414119492],
    [204, 31, 15, "RSpec/DescribedClass: Use `described_class` instead of `TreeHaver::Node`.", 1834687435],
    [243, 36, 15, "RSpec/DescribedClass: Use `described_class` instead of `TreeHaver::Node`.", 1834687435],
    [268, 34, 15, "RSpec/DescribedClass: Use `described_class` instead of `TreeHaver::Node`.", 1834687435],
    [283, 32, 15, "RSpec/DescribedClass: Use `described_class` instead of `TreeHaver::Node`.", 1834687435],
    [322, 31, 15, "RSpec/DescribedClass: Use `described_class` instead of `TreeHaver::Node`.", 1834687435],
    [346, 34, 15, "RSpec/DescribedClass: Use `described_class` instead of `TreeHaver::Node`.", 1834687435],
    [373, 35, 15, "RSpec/DescribedClass: Use `described_class` instead of `TreeHaver::Node`.", 1834687435],
    [400, 35, 15, "RSpec/DescribedClass: Use `described_class` instead of `TreeHaver::Node`.", 1834687435],
    [515, 11, 63, "RSpec/ReceiveMessages: Use `receive_messages` instead of multiple stubs on lines [518].", 3484858249],
    [518, 11, 63, "RSpec/ReceiveMessages: Use `receive_messages` instead of multiple stubs on lines [515].", 3767344958],
    [728, 7, 65, "RSpec/IndexedLet: This `let` statement uses `1` in its name. Please give it a meaningful name.", 4132605332],
    [729, 7, 65, "RSpec/IndexedLet: This `let` statement uses `2` in its name. Please give it a meaningful name.", 3915049431],
    [730, 7, 65, "RSpec/IndexedLet: This `let` statement uses `3` in its name. Please give it a meaningful name.", 4085774230]
  ],
  "spec/tree_haver/parser_backend_spec.rb:3758225329": [
    [5, 16, 42, "RSpec/DescribeClass: The first argument to describe should be the class or module being tested.", 2414562915],
    [33, 16, 35, "RSpec/ExpectActual: Provide the actual value you are testing to `expect(...)`.", 3814166864],
    [101, 13, 23, "RSpec/ContextWording: Context description should match /^when\\b/, /^with\\b/, or /^without\\b/.", 822755606]
  ],
  "spec/tree_haver/thread_local_backend_spec.rb:3411812519": [
    [5, 16, 32, "RSpec/DescribeClass: The first argument to describe should be the class or module being tested.", 2927084111],
    [51, 5, 212, "RSpec/RepeatedExample: Don't repeat examples within an example group. Repeated on line(s) 64.", 2676278710],
    [64, 5, 211, "RSpec/RepeatedExample: Don't repeat examples within an example group. Repeated on line(s) 51.", 3617715094],
    [317, 5, 221, "RSpec/RepeatedExample: Don't repeat examples within an example group. Repeated on line(s) 357.", 1897117069],
    [357, 5, 290, "RSpec/RepeatedExample: Don't repeat examples within an example group. Repeated on line(s) 317.", 3379897254]
  ],
  "spec/tree_haver/tree_spec.rb:1117877502": [
    [93, 14, 13, "RSpec/ExpectActual: Provide the actual value you are testing to `expect(...)`.", 414119492],
    [106, 3, 480, "RSpec/RepeatedExampleGroupDescription: Repeated describe block description on line(s) [200]", 890255837],
    [123, 3, 323, "RSpec/RepeatedExampleGroupDescription: Repeated describe block description on line(s) [183]", 2578611428],
    [183, 3, 735, "RSpec/RepeatedExampleGroupDescription: Repeated describe block description on line(s) [123]", 40123026],
    [200, 3, 561, "RSpec/RepeatedExampleGroupDescription: Repeated describe block description on line(s) [106]", 785340960]
  ],
  "spec/tree_haver_spec.rb:121033795": [
    [7, 5, 9, "RSpec/DescribedClass: Use `described_class` instead of `TreeHaver`.", 2434546347],
    [16, 7, 9, "RSpec/DescribedClass: Use `described_class` instead of `TreeHaver`.", 2434546347],
    [19, 7, 9, "RSpec/DescribedClass: Use `described_class` instead of `TreeHaver`.", 2434546347],
    [20, 14, 9, "RSpec/DescribedClass: Use `described_class` instead of `TreeHaver`.", 2434546347],
    [24, 7, 9, "RSpec/DescribedClass: Use `described_class` instead of `TreeHaver`.", 2434546347],
    [26, 14, 9, "RSpec/DescribedClass: Use `described_class` instead of `TreeHaver`.", 2434546347],
    [30, 7, 9, "RSpec/DescribedClass: Use `described_class` instead of `TreeHaver`.", 2434546347],
    [32, 14, 9, "RSpec/DescribedClass: Use `described_class` instead of `TreeHaver`.", 2434546347],
    [36, 7, 9, "RSpec/DescribedClass: Use `described_class` instead of `TreeHaver`.", 2434546347],
    [38, 14, 9, "RSpec/DescribedClass: Use `described_class` instead of `TreeHaver`.", 2434546347],
    [42, 7, 9, "RSpec/DescribedClass: Use `described_class` instead of `TreeHaver`.", 2434546347],
    [44, 14, 9, "RSpec/DescribedClass: Use `described_class` instead of `TreeHaver`.", 2434546347],
    [48, 7, 9, "RSpec/DescribedClass: Use `described_class` instead of `TreeHaver`.", 2434546347],
    [50, 14, 9, "RSpec/DescribedClass: Use `described_class` instead of `TreeHaver`.", 2434546347],
    [56, 7, 9, "RSpec/DescribedClass: Use `described_class` instead of `TreeHaver`.", 2434546347],
    [57, 14, 9, "RSpec/DescribedClass: Use `described_class` instead of `TreeHaver`.", 2434546347],
    [61, 7, 9, "RSpec/DescribedClass: Use `described_class` instead of `TreeHaver`.", 2434546347],
    [62, 14, 9, "RSpec/DescribedClass: Use `described_class` instead of `TreeHaver`.", 2434546347],
    [66, 7, 9, "RSpec/DescribedClass: Use `described_class` instead of `TreeHaver`.", 2434546347],
    [68, 14, 9, "RSpec/DescribedClass: Use `described_class` instead of `TreeHaver`.", 2434546347],
    [74, 7, 9, "RSpec/DescribedClass: Use `described_class` instead of `TreeHaver`.", 2434546347],
    [75, 7, 9, "RSpec/DescribedClass: Use `described_class` instead of `TreeHaver`.", 2434546347],
    [76, 14, 9, "RSpec/DescribedClass: Use `described_class` instead of `TreeHaver`.", 2434546347],
    [80, 7, 9, "RSpec/DescribedClass: Use `described_class` instead of `TreeHaver`.", 2434546347],
    [81, 7, 9, "RSpec/DescribedClass: Use `described_class` instead of `TreeHaver`.", 2434546347],
    [82, 14, 9, "RSpec/DescribedClass: Use `described_class` instead of `TreeHaver`.", 2434546347],
    [86, 7, 9, "RSpec/DescribedClass: Use `described_class` instead of `TreeHaver`.", 2434546347],
    [87, 7, 9, "RSpec/DescribedClass: Use `described_class` instead of `TreeHaver`.", 2434546347],
    [89, 14, 9, "RSpec/DescribedClass: Use `described_class` instead of `TreeHaver`.", 2434546347],
    [93, 3, 2768, "RSpec/RepeatedExampleGroupDescription: Repeated describe block description on line(s) [747]", 174194376],
    [96, 9, 9, "RSpec/DescribedClass: Use `described_class` instead of `TreeHaver`.", 2434546347],
    [97, 16, 9, "RSpec/DescribedClass: Use `described_class` instead of `TreeHaver`.", 2434546347],
    [101, 9, 9, "RSpec/DescribedClass: Use `described_class` instead of `TreeHaver`.", 2434546347],
    [102, 16, 9, "RSpec/DescribedClass: Use `described_class` instead of `TreeHaver`.", 2434546347],
    [106, 9, 9, "RSpec/DescribedClass: Use `described_class` instead of `TreeHaver`.", 2434546347],
    [107, 16, 9, "RSpec/DescribedClass: Use `described_class` instead of `TreeHaver`.", 2434546347],
    [111, 9, 9, "RSpec/DescribedClass: Use `described_class` instead of `TreeHaver`.", 2434546347],
    [112, 16, 9, "RSpec/DescribedClass: Use `described_class` instead of `TreeHaver`.", 2434546347],
    [118, 9, 9, "RSpec/DescribedClass: Use `described_class` instead of `TreeHaver`.", 2434546347],
    [124, 16, 9, "RSpec/DescribedClass: Use `described_class` instead of `TreeHaver`.", 2434546347],
    [130, 16, 9, "RSpec/DescribedClass: Use `described_class` instead of `TreeHaver`.", 2434546347],
    [137, 16, 9, "RSpec/DescribedClass: Use `described_class` instead of `TreeHaver`.", 2434546347],
    [145, 16, 9, "RSpec/DescribedClass: Use `described_class` instead of `TreeHaver`.", 2434546347],
    [155, 16, 9, "RSpec/DescribedClass: Use `described_class` instead of `TreeHaver`.", 2434546347],
    [162, 13, 9, "RSpec/DescribedClass: Use `described_class` instead of `TreeHaver`.", 2434546347],
    [164, 14, 9, "RSpec/DescribedClass: Use `described_class` instead of `TreeHaver`.", 2434546347],
    [168, 13, 9, "RSpec/DescribedClass: Use `described_class` instead of `TreeHaver`.", 2434546347],
    [169, 14, 9, "RSpec/DescribedClass: Use `described_class` instead of `TreeHaver`.", 2434546347],
    [173, 3, 293, "RSpec/RepeatedExampleGroupDescription: Repeated describe block description on line(s) [777]", 3834254728],
    [176, 7, 9, "RSpec/DescribedClass: Use `described_class` instead of `TreeHaver`.", 2434546347],
    [182, 7, 9, "RSpec/DescribedClass: Use `described_class` instead of `TreeHaver`.", 2434546347],
    [183, 16, 9, "RSpec/DescribedClass: Use `described_class` instead of `TreeHaver`.", 2434546347],
    [190, 3, 4020, "RSpec/RepeatedExampleGroupDescription: Repeated describe block description on line(s) [883]", 4116089010],
    [193, 16, 19, "RSpec/DescribedClass: Use `described_class` instead of `TreeHaver::Language`.", 4175521369],
    [199, 9, 19, "RSpec/DescribedClass: Use `described_class` instead of `TreeHaver::Language`.", 4175521369],
    [203, 16, 19, "RSpec/DescribedClass: Use `described_class` instead of `TreeHaver::Language`.", 4175521369],
    [209, 9, 19, "RSpec/DescribedClass: Use `described_class` instead of `TreeHaver::Language`.", 4175521369],
    [214, 15, 17, "RSpec/ContextWording: Context description should match /^when\\b/, /^with\\b/, or /^without\\b/.", 1574681539],
    [217, 13, 19, "RSpec/DescribedClass: Use `described_class` instead of `TreeHaver::Language`.", 4175521369],
    [223, 13, 19, "RSpec/DescribedClass: Use `described_class` instead of `TreeHaver::Language`.", 4175521369],
    [231, 13, 19, "RSpec/DescribedClass: Use `described_class` instead of `TreeHaver::Language`.", 4175521369],
    [243, 13, 19, "RSpec/DescribedClass: Use `described_class` instead of `TreeHaver::Language`.", 4175521369],
    [264, 20, 19, "RSpec/DescribedClass: Use `described_class` instead of `TreeHaver::Language`.", 4175521369],
    [275, 11, 19, "RSpec/DescribedClass: Use `described_class` instead of `TreeHaver::Language`.", 4175521369],
    [276, 11, 19, "RSpec/DescribedClass: Use `described_class` instead of `TreeHaver::Language`.", 4175521369],
    [298, 20, 19, "RSpec/DescribedClass: Use `described_class` instead of `TreeHaver::Language`.", 4175521369],
    [305, 3, 6938, "RSpec/RepeatedExampleGroupDescription: Repeated describe block description on line(s) [925]", 2537497996],
    [314, 13, 17, "RSpec/DescribedClass: Use `described_class` instead of `TreeHaver::Parser`.", 1511523948],
    [335, 20, 17, "RSpec/DescribedClass: Use `described_class` instead of `TreeHaver::Parser`.", 1511523948],
    [377, 13, 27, "Style/InvertibleUnlessCondition: Prefer `if cmp.nonzero?` over `unless cmp.zero?`.", 2077608974],
    [395, 18, 17, "RSpec/DescribedClass: Use `described_class` instead of `TreeHaver::Parser`.", 1511523948],
    [421, 18, 17, "RSpec/DescribedClass: Use `described_class` instead of `TreeHaver::Parser`.", 1511523948],
    [446, 9, 62, "RSpec/ReceiveMessages: Use `receive_messages` instead of multiple stubs on lines [447].", 3746162693],
    [447, 9, 69, "RSpec/ReceiveMessages: Use `receive_messages` instead of multiple stubs on lines [446].", 2882417711],
    [452, 18, 17, "RSpec/DescribedClass: Use `described_class` instead of `TreeHaver::Parser`.", 1511523948],
    [459, 18, 17, "RSpec/DescribedClass: Use `described_class` instead of `TreeHaver::Parser`.", 1511523948],
    [467, 18, 17, "RSpec/DescribedClass: Use `described_class` instead of `TreeHaver::Parser`.", 1511523948],
    [493, 20, 17, "RSpec/DescribedClass: Use `described_class` instead of `TreeHaver::Parser`.", 1511523948],
    [499, 20, 17, "RSpec/DescribedClass: Use `described_class` instead of `TreeHaver::Parser`.", 1511523948],
    [515, 16, 15, "RSpec/DescribedClass: Use `described_class` instead of `TreeHaver::Tree`.", 1835454893],
    [526, 18, 15, "RSpec/DescribedClass: Use `described_class` instead of `TreeHaver::Tree`.", 1835454893],
    [555, 18, 15, "RSpec/DescribedClass: Use `described_class` instead of `TreeHaver::Tree`.", 1835454893],
    [575, 16, 15, "RSpec/DescribedClass: Use `described_class` instead of `TreeHaver::Tree`.", 1835454893],
    [582, 16, 15, "RSpec/DescribedClass: Use `described_class` instead of `TreeHaver::Tree`.", 1835454893],
    [603, 16, 15, "RSpec/DescribedClass: Use `described_class` instead of `TreeHaver::Node`.", 1834687435],
    [617, 16, 15, "RSpec/DescribedClass: Use `described_class` instead of `TreeHaver::Node`.", 1834687435],
    [621, 40, 15, "RSpec/DescribedClass: Use `described_class` instead of `TreeHaver::Node`.", 1834687435],
    [626, 16, 15, "RSpec/DescribedClass: Use `described_class` instead of `TreeHaver::Node`.", 1834687435],
    [634, 16, 15, "RSpec/DescribedClass: Use `described_class` instead of `TreeHaver::Node`.", 1834687435],
    [642, 16, 15, "RSpec/DescribedClass: Use `described_class` instead of `TreeHaver::Node`.", 1834687435],
    [650, 16, 15, "RSpec/DescribedClass: Use `described_class` instead of `TreeHaver::Node`.", 1834687435],
    [657, 16, 15, "RSpec/DescribedClass: Use `described_class` instead of `TreeHaver::Node`.", 1834687435],
    [665, 16, 15, "RSpec/DescribedClass: Use `described_class` instead of `TreeHaver::Node`.", 1834687435],
    [671, 16, 15, "RSpec/DescribedClass: Use `described_class` instead of `TreeHaver::Node`.", 1834687435],
    [679, 16, 15, "RSpec/DescribedClass: Use `described_class` instead of `TreeHaver::Node`.", 1834687435],
    [687, 16, 15, "RSpec/DescribedClass: Use `described_class` instead of `TreeHaver::Node`.", 1834687435],
    [693, 16, 15, "RSpec/DescribedClass: Use `described_class` instead of `TreeHaver::Node`.", 1834687435],
    [700, 16, 15, "RSpec/DescribedClass: Use `described_class` instead of `TreeHaver::Node`.", 1834687435],
    [708, 16, 15, "RSpec/DescribedClass: Use `described_class` instead of `TreeHaver::Node`.", 1834687435],
    [717, 16, 15, "RSpec/DescribedClass: Use `described_class` instead of `TreeHaver::Node`.", 1834687435],
    [724, 16, 15, "RSpec/DescribedClass: Use `described_class` instead of `TreeHaver::Node`.", 1834687435],
    [732, 16, 15, "RSpec/DescribedClass: Use `described_class` instead of `TreeHaver::Node`.", 1834687435],
    [739, 16, 15, "RSpec/DescribedClass: Use `described_class` instead of `TreeHaver::Node`.", 1834687435],
    [747, 3, 997, "RSpec/RepeatedExampleGroupDescription: Repeated describe block description on line(s) [93]", 2729117728],
    [749, 16, 9, "RSpec/DescribedClass: Use `described_class` instead of `TreeHaver`.", 2434546347],
    [750, 15, 9, "RSpec/DescribedClass: Use `described_class` instead of `TreeHaver`.", 2434546347],
    [753, 16, 9, "RSpec/DescribedClass: Use `described_class` instead of `TreeHaver`.", 2434546347],
    [764, 9, 9, "RSpec/DescribedClass: Use `described_class` instead of `TreeHaver`.", 2434546347],
    [768, 9, 9, "RSpec/DescribedClass: Use `described_class` instead of `TreeHaver`.", 2434546347],
    [772, 16, 9, "RSpec/DescribedClass: Use `described_class` instead of `TreeHaver`.", 2434546347],
    [777, 3, 1387, "RSpec/RepeatedExampleGroupDescription: Repeated describe block description on line(s) [173]", 1930086996],
    [785, 11, 9, "RSpec/DescribedClass: Use `described_class` instead of `TreeHaver`.", 2434546347],
    [793, 11, 9, "RSpec/DescribedClass: Use `described_class` instead of `TreeHaver`.", 2434546347],
    [804, 9, 9, "RSpec/DescribedClass: Use `described_class` instead of `TreeHaver`.", 2434546347],
    [812, 24, 9, "RSpec/DescribedClass: Use `described_class` instead of `TreeHaver`.", 2434546347],
    [824, 7, 9, "RSpec/DescribedClass: Use `described_class` instead of `TreeHaver`.", 2434546347],
    [828, 14, 9, "RSpec/DescribedClass: Use `described_class` instead of `TreeHaver`.", 2434546347],
    [833, 14, 9, "RSpec/DescribedClass: Use `described_class` instead of `TreeHaver`.", 2434546347],
    [837, 7, 9, "RSpec/DescribedClass: Use `described_class` instead of `TreeHaver`.", 2434546347],
    [838, 14, 9, "RSpec/DescribedClass: Use `described_class` instead of `TreeHaver`.", 2434546347],
    [843, 7, 9, "RSpec/DescribedClass: Use `described_class` instead of `TreeHaver`.", 2434546347],
    [844, 14, 9, "RSpec/DescribedClass: Use `described_class` instead of `TreeHaver`.", 2434546347],
    [883, 3, 1188, "RSpec/RepeatedExampleGroupDescription: Repeated describe block description on line(s) [190]", 2420809468],
    [896, 13, 19, "RSpec/DescribedClass: Use `described_class` instead of `TreeHaver::Language`.", 4175521369],
    [918, 13, 19, "RSpec/DescribedClass: Use `described_class` instead of `TreeHaver::Language`.", 4175521369],
    [925, 3, 2716, "RSpec/RepeatedExampleGroupDescription: Repeated describe block description on line(s) [305]", 2106721677],
    [952, 20, 17, "RSpec/DescribedClass: Use `described_class` instead of `TreeHaver::Parser`.", 1511523948],
    [955, 11, 66, "RSpec/ReceiveMessages: Use `receive_messages` instead of multiple stubs on lines [957].", 1684201356],
    [957, 11, 73, "RSpec/ReceiveMessages: Use `receive_messages` instead of multiple stubs on lines [955].", 4287233125],
    [959, 11, 12, "RSpec/StubbedMock: Prefer `allow` over `expect` when configuring a response.", 2882422563],
    [965, 20, 17, "RSpec/DescribedClass: Use `described_class` instead of `TreeHaver::Parser`.", 1511523948],
    [973, 11, 12, "RSpec/StubbedMock: Prefer `allow` over `expect` when configuring a response.", 2882422563],
    [979, 20, 17, "RSpec/DescribedClass: Use `described_class` instead of `TreeHaver::Parser`.", 1511523948],
    [983, 11, 12, "RSpec/StubbedMock: Prefer `allow` over `expect` when configuring a response.", 2882422563]
  ],
  "spec_matrix/backend_compatibility_matrix_spec.rb:3531572031": [
    [27, 16, 30, "RSpec/DescribeClass: The first argument to describe should be the class or module being tested.", 3871666292],
    [31, 3, 37, "RSpec/LeakyConstantDeclaration: Stub constant instead of declaring explicitly.", 1678232489],
    [35, 3, 135, "Style/ClassMethodsDefinitions: Use `class << self` to define a class method.", 656725830],
    [42, 3, 54, "RSpec/LeakyConstantDeclaration: Stub constant instead of declaring explicitly.", 779749304],
    [43, 3, 41, "RSpec/LeakyConstantDeclaration: Stub constant instead of declaring explicitly.", 1965425945],
    [44, 3, 49, "RSpec/LeakyConstantDeclaration: Stub constant instead of declaring explicitly.", 2984228143],
    [45, 3, 47, "RSpec/LeakyConstantDeclaration: Stub constant instead of declaring explicitly.", 3577695641],
    [132, 15, 20, "RSpec/ContextWording: Context description should match /^when\\b/, /^with\\b/, or /^without\\b/.", 2894417152],
    [162, 17, 39, "RSpec/ContextWording: Context description should match /^when\\b/, /^with\\b/, or /^without\\b/.", 3406914204],
    [200, 17, 59, "RSpec/ContextWording: Context description should match /^when\\b/, /^with\\b/, or /^without\\b/.", 2370425067],
    [273, 5, 49, "RSpec/LeakyConstantDeclaration: Stub constant instead of declaring explicitly.", 2560971490],
    [279, 17, 38, "RSpec/ContextWording: Context description should match /^when\\b/, /^with\\b/, or /^without\\b/.", 767453439]
  ]
}
