{
  "lib/tree_haver.rb:3163761271": [
    [128, 3, 213, "Style/ClassMethodsDefinitions: Use `class << self` to define a class method.", 1338680642],
    [129, 5, 8, "ThreadSafety/ClassInstanceVariable: Avoid class instance variables.", 2956345505],
    [146, 3, 57, "Style/ClassMethodsDefinitions: Use `class << self` to define a class method.", 714938426],
    [147, 5, 8, "ThreadSafety/ClassInstanceVariable: Avoid class instance variables.", 2956345505],
    [160, 3, 71, "Style/ClassMethodsDefinitions: Use `class << self` to define a class method.", 2601253406],
    [161, 5, 8, "ThreadSafety/ClassInstanceVariable: Avoid class instance variables.", 2956345505],
    [161, 16, 15, "Style/SafeNavigation: Use safe navigation (`&.`) instead of checking if an object exists before calling the method.", 2392797544],
    [176, 3, 767, "Style/ClassMethodsDefinitions: Use `class << self` to define a class method.", 228141728],
    [217, 3, 98, "Style/ClassMethodsDefinitions: Use `class << self` to define a class method.", 592998414],
    [243, 3, 122, "Style/ClassMethodsDefinitions: Use `class << self` to define a class method.", 438274228],
    [253, 3, 78, "Style/ClassMethodsDefinitions: Use `class << self` to define a class method.", 4183419476],
    [264, 3, 73, "Style/ClassMethodsDefinitions: Use `class << self` to define a class method.", 2181909818],
    [273, 3, 78, "Style/ClassMethodsDefinitions: Use `class << self` to define a class method.", 725103124],
    [305, 5, 137, "Style/ClassMethodsDefinitions: Use `class << self` to define a class method.", 3201862932],
    [333, 5, 1102, "Style/ClassMethodsDefinitions: Use `class << self` to define a class method.", 1048714296]
  ],
  "lib/tree_haver/backends/ffi.rb:707309732": [
    [50, 11, 294, "Style/ClassMethodsDefinitions: Use `class << self` to define a class method.", 3813969290],
    [87, 11, 2120, "Style/ClassMethodsDefinitions: Use `class << self` to define a class method.", 1954622682],
    [88, 23, 7, "ThreadSafety/ClassInstanceVariable: Avoid class instance variables.", 842541026],
    [93, 15, 7, "ThreadSafety/ClassInstanceVariable: Avoid class instance variables.", 842541026],
    [98, 20, 7, "ThreadSafety/ClassInstanceVariable: Avoid class instance variables.", 842541026],
    [131, 11, 52, "Style/ClassMethodsDefinitions: Use `class << self` to define a class method.", 3766772367],
    [132, 15, 7, "ThreadSafety/ClassInstanceVariable: Avoid class instance variables.", 842541026],
    [140, 11, 95, "Style/ClassMethodsDefinitions: Use `class << self` to define a class method.", 3384654512],
    [144, 11, 48, "Style/ClassMethodsDefinitions: Use `class << self` to define a class method.", 229870165],
    [161, 7, 181, "Style/ClassMethodsDefinitions: Use `class << self` to define a class method.", 611870154],
    [173, 7, 188, "Style/ClassMethodsDefinitions: Use `class << self` to define a class method.", 3195226180],
    [222, 9, 2048, "Style/ClassMethodsDefinitions: Use `class << self` to define a class method.", 3675238818],
    [288, 9, 178, "Style/ClassMethodsDefinitions: Use `class << self` to define a class method.", 1421682940],
    [306, 11, 4, "Lint/Void: Variable `lang` used in void context.", 2087664833],
    [336, 9, 176, "Style/ClassMethodsDefinitions: Use `class << self` to define a class method.", 2130346269]
  ],
  "lib/tree_haver/backends/java.rb:3759904079": [
    [36, 23, 2, "ThreadSafety/MutableClassInstanceVariable: Freeze mutable objects assigned to class instance variables.", 5861859],
    [45, 9, 15, "ThreadSafety/ClassInstanceVariable: Avoid class instance variables.", 2523849988],
    [52, 9, 15, "ThreadSafety/ClassInstanceVariable: Avoid class instance variables.", 2523849988],
    [124, 16, 7, "ThreadSafety/ClassInstanceVariable: Avoid class instance variables.", 842541026],
    [124, 27, 15, "ThreadSafety/ClassInstanceVariable: Avoid class instance variables.", 3989975248],
    [125, 9, 15, "ThreadSafety/ClassInstanceVariable: Avoid class instance variables.", 3989975248],
    [126, 9, 7, "ThreadSafety/ClassInstanceVariable: Avoid class instance variables.", 842541026],
    [127, 9, 11, "ThreadSafety/ClassInstanceVariable: Avoid class instance variables.", 3496880164],
    [137, 11, 11, "ThreadSafety/ClassInstanceVariable: Avoid class instance variables.", 3496880164],
    [149, 11, 13, "ThreadSafety/ClassInstanceVariable: Avoid class instance variables.", 677833598],
    [150, 11, 13, "ThreadSafety/ClassInstanceVariable: Avoid class instance variables.", 677833598],
    [151, 11, 13, "ThreadSafety/ClassInstanceVariable: Avoid class instance variables.", 677833598],
    [152, 11, 13, "ThreadSafety/ClassInstanceVariable: Avoid class instance variables.", 677833598],
    [153, 11, 13, "ThreadSafety/ClassInstanceVariable: Avoid class instance variables.", 677833598],
    [158, 13, 13, "ThreadSafety/ClassInstanceVariable: Avoid class instance variables.", 677833598],
    [161, 13, 11, "ThreadSafety/ClassInstanceVariable: Avoid class instance variables.", 3496880164],
    [163, 13, 13, "ThreadSafety/ClassInstanceVariable: Avoid class instance variables.", 677833598],
    [167, 11, 7, "ThreadSafety/ClassInstanceVariable: Avoid class instance variables.", 842541026],
    [169, 11, 11, "ThreadSafety/ClassInstanceVariable: Avoid class instance variables.", 3496880164],
    [170, 11, 7, "ThreadSafety/ClassInstanceVariable: Avoid class instance variables.", 842541026],
    [173, 9, 7, "ThreadSafety/ClassInstanceVariable: Avoid class instance variables.", 842541026],
    [181, 9, 11, "ThreadSafety/ClassInstanceVariable: Avoid class instance variables.", 3496880164],
    [189, 9, 15, "ThreadSafety/ClassInstanceVariable: Avoid class instance variables.", 3989975248],
    [190, 9, 7, "ThreadSafety/ClassInstanceVariable: Avoid class instance variables.", 842541026],
    [191, 9, 11, "ThreadSafety/ClassInstanceVariable: Avoid class instance variables.", 3496880164],
    [192, 9, 13, "ThreadSafety/ClassInstanceVariable: Avoid class instance variables.", 677833598],
    [200, 9, 13, "ThreadSafety/ClassInstanceVariable: Avoid class instance variables.", 677833598],
    [265, 9, 3800, "Style/ClassMethodsDefinitions: Use `class << self` to define a class method.", 4105058217],
    [349, 9, 701, "Style/ClassMethodsDefinitions: Use `class << self` to define a class method.", 2790088012]
  ],
  "lib/tree_haver/backends/mri.rb:755193365": [
    [26, 7, 257, "Style/ClassMethodsDefinitions: Use `class << self` to define a class method.", 1489160088],
    [27, 16, 7, "ThreadSafety/ClassInstanceVariable: Avoid class instance variables.", 842541026],
    [27, 27, 15, "ThreadSafety/ClassInstanceVariable: Avoid class instance variables.", 3989975248],
    [28, 9, 15, "ThreadSafety/ClassInstanceVariable: Avoid class instance variables.", 3989975248],
    [31, 11, 7, "ThreadSafety/ClassInstanceVariable: Avoid class instance variables.", 842541026],
    [33, 11, 7, "ThreadSafety/ClassInstanceVariable: Avoid class instance variables.", 842541026],
    [35, 9, 7, "ThreadSafety/ClassInstanceVariable: Avoid class instance variables.", 842541026],
    [44, 7, 193, "Style/ClassMethodsDefinitions: Use `class << self` to define a class method.", 3185220699],
    [65, 9, 176, "Style/ClassMethodsDefinitions: Use `class << self` to define a class method.", 1025085910]
  ],
  "lib/tree_haver/backends/rust.rb:2606451148": [
    [29, 7, 251, "Style/ClassMethodsDefinitions: Use `class << self` to define a class method.", 1489160088],
    [30, 16, 7, "ThreadSafety/ClassInstanceVariable: Avoid class instance variables.", 842541026],
    [30, 27, 15, "ThreadSafety/ClassInstanceVariable: Avoid class instance variables.", 3989975248],
    [31, 9, 15, "ThreadSafety/ClassInstanceVariable: Avoid class instance variables.", 3989975248],
    [34, 11, 7, "ThreadSafety/ClassInstanceVariable: Avoid class instance variables.", 842541026],
    [36, 11, 7, "ThreadSafety/ClassInstanceVariable: Avoid class instance variables.", 842541026],
    [38, 9, 7, "ThreadSafety/ClassInstanceVariable: Avoid class instance variables.", 842541026],
    [45, 7, 81, "Style/ClassMethodsDefinitions: Use `class << self` to define a class method.", 1111688587],
    [46, 9, 15, "ThreadSafety/ClassInstanceVariable: Avoid class instance variables.", 3989975248],
    [47, 9, 7, "ThreadSafety/ClassInstanceVariable: Avoid class instance variables.", 842541026],
    [56, 7, 194, "Style/ClassMethodsDefinitions: Use `class << self` to define a class method.", 2818568685],
    [91, 9, 917, "Style/ClassMethodsDefinitions: Use `class << self` to define a class method.", 1431259442],
    [113, 9, 65, "Style/ClassMethodsDefinitions: Use `class << self` to define a class method.", 4286964834],
    [138, 11, 4, "Lint/Void: Variable `lang` used in void context.", 2087664833]
  ],
  "lib/tree_haver/language_registry.rb:2186049288": [
    [22, 14, 2, "ThreadSafety/MutableClassInstanceVariable: Freeze mutable objects assigned to class instance variables.", 5861859],
    [23, 22, 2, "ThreadSafety/MutableClassInstanceVariable: Freeze mutable objects assigned to class instance variables.", 5861859]
  ],
  "lib/tree_haver/path_validator.rb:1814403497": [
    [63, 35, 2, "ThreadSafety/MutableClassInstanceVariable: Freeze mutable objects assigned to class instance variables.", 5862883],
    [79, 7, 488, "Style/SafeNavigation: Use safe navigation (`&.`) instead of checking if an object exists before calling the method.", 1498565377],
    [222, 11, 12, "Lint/NoReturnInBeginEndBlocks: Do not `return` in `begin..end` blocks in assignment contexts.", 3233382162]
  ],
  "spec/support/dependency_tags.rb:4044815661": [
    [46, 14, 14, "ThreadSafety/ClassInstanceVariable: Avoid class instance variables.", 3909765098],
    [46, 41, 14, "ThreadSafety/ClassInstanceVariable: Avoid class instance variables.", 3909765098],
    [47, 7, 14, "ThreadSafety/ClassInstanceVariable: Avoid class instance variables.", 3909765098],
    [57, 14, 22, "ThreadSafety/ClassInstanceVariable: Avoid class instance variables.", 2225971502],
    [57, 49, 22, "ThreadSafety/ClassInstanceVariable: Avoid class instance variables.", 2225971502],
    [58, 7, 22, "ThreadSafety/ClassInstanceVariable: Avoid class instance variables.", 2225971502],
    [68, 14, 23, "ThreadSafety/ClassInstanceVariable: Avoid class instance variables.", 1721697752],
    [68, 50, 23, "ThreadSafety/ClassInstanceVariable: Avoid class instance variables.", 1721697752],
    [69, 7, 23, "ThreadSafety/ClassInstanceVariable: Avoid class instance variables.", 1721697752],
    [84, 14, 23, "ThreadSafety/ClassInstanceVariable: Avoid class instance variables.", 2784809828],
    [84, 50, 23, "ThreadSafety/ClassInstanceVariable: Avoid class instance variables.", 2784809828],
    [85, 7, 23, "ThreadSafety/ClassInstanceVariable: Avoid class instance variables.", 2784809828],
    [90, 14, 25, "ThreadSafety/ClassInstanceVariable: Avoid class instance variables.", 1967468528],
    [90, 52, 25, "ThreadSafety/ClassInstanceVariable: Avoid class instance variables.", 1967468528],
    [91, 7, 25, "ThreadSafety/ClassInstanceVariable: Avoid class instance variables.", 1967468528],
    [103, 14, 23, "ThreadSafety/ClassInstanceVariable: Avoid class instance variables.", 58401665],
    [103, 50, 23, "ThreadSafety/ClassInstanceVariable: Avoid class instance variables.", 58401665],
    [105, 7, 23, "ThreadSafety/ClassInstanceVariable: Avoid class instance variables.", 58401665]
  ],
  "spec/tree_haver/backends/ffi_spec.rb:1971356407": [
    [146, 15, 17, "RSpec/ContextWording: Context description should match /^when\\b/, /^with\\b/, or /^without\\b/.", 1977790452]
  ],
  "spec/tree_haver/backends/java_spec.rb:254781559": [
    [133, 9, 145, "Style/IdenticalConditionalBranches: Move `expect {\n          TreeHaver::Language.from_path(\"/nonexistent/path/to/libtree-sitter-toml.so\")\n        }.to raise_error(TreeHaver::NotAvailable)` out of the conditional.", 1628826806],
    [138, 48, 25, "RSpec/DescribedClass: Use `described_class` instead of `TreeHaver::Backends::Java`.", 3890130208],
    [139, 9, 145, "Style/IdenticalConditionalBranches: Move `expect {\n          TreeHaver::Language.from_path(\"/nonexistent/path/to/libtree-sitter-toml.so\")\n        }.to raise_error(TreeHaver::NotAvailable)` out of the conditional.", 1628826806]
  ],
  "spec/tree_haver/language_registry_spec.rb:300445025": [
    [178, 9, 10, "ThreadSafety/NewThread: Avoid starting new threads.", 3411682361],
    [191, 9, 10, "ThreadSafety/NewThread: Avoid starting new threads.", 3411682361]
  ],
  "spec/tree_haver_spec.rb:3228353581": [
    [5, 5, 9, "RSpec/DescribedClass: Use `described_class` instead of `TreeHaver`.", 2434546347],
    [6, 5, 9, "RSpec/DescribedClass: Use `described_class` instead of `TreeHaver`.", 2434546347],
    [10, 5, 9, "RSpec/DescribedClass: Use `described_class` instead of `TreeHaver`.", 2434546347],
    [11, 5, 9, "RSpec/DescribedClass: Use `described_class` instead of `TreeHaver`.", 2434546347],
    [20, 7, 9, "RSpec/DescribedClass: Use `described_class` instead of `TreeHaver`.", 2434546347],
    [23, 7, 9, "RSpec/DescribedClass: Use `described_class` instead of `TreeHaver`.", 2434546347],
    [24, 14, 9, "RSpec/DescribedClass: Use `described_class` instead of `TreeHaver`.", 2434546347],
    [28, 7, 9, "RSpec/DescribedClass: Use `described_class` instead of `TreeHaver`.", 2434546347],
    [30, 14, 9, "RSpec/DescribedClass: Use `described_class` instead of `TreeHaver`.", 2434546347],
    [34, 7, 9, "RSpec/DescribedClass: Use `described_class` instead of `TreeHaver`.", 2434546347],
    [36, 14, 9, "RSpec/DescribedClass: Use `described_class` instead of `TreeHaver`.", 2434546347],
    [40, 7, 9, "RSpec/DescribedClass: Use `described_class` instead of `TreeHaver`.", 2434546347],
    [42, 14, 9, "RSpec/DescribedClass: Use `described_class` instead of `TreeHaver`.", 2434546347],
    [46, 7, 9, "RSpec/DescribedClass: Use `described_class` instead of `TreeHaver`.", 2434546347],
    [48, 14, 9, "RSpec/DescribedClass: Use `described_class` instead of `TreeHaver`.", 2434546347],
    [52, 7, 9, "RSpec/DescribedClass: Use `described_class` instead of `TreeHaver`.", 2434546347],
    [54, 14, 9, "RSpec/DescribedClass: Use `described_class` instead of `TreeHaver`.", 2434546347],
    [60, 7, 9, "RSpec/DescribedClass: Use `described_class` instead of `TreeHaver`.", 2434546347],
    [61, 14, 9, "RSpec/DescribedClass: Use `described_class` instead of `TreeHaver`.", 2434546347],
    [65, 7, 9, "RSpec/DescribedClass: Use `described_class` instead of `TreeHaver`.", 2434546347],
    [66, 14, 9, "RSpec/DescribedClass: Use `described_class` instead of `TreeHaver`.", 2434546347],
    [70, 7, 9, "RSpec/DescribedClass: Use `described_class` instead of `TreeHaver`.", 2434546347],
    [72, 14, 9, "RSpec/DescribedClass: Use `described_class` instead of `TreeHaver`.", 2434546347],
    [78, 7, 9, "RSpec/DescribedClass: Use `described_class` instead of `TreeHaver`.", 2434546347],
    [79, 7, 9, "RSpec/DescribedClass: Use `described_class` instead of `TreeHaver`.", 2434546347],
    [80, 14, 9, "RSpec/DescribedClass: Use `described_class` instead of `TreeHaver`.", 2434546347],
    [84, 7, 9, "RSpec/DescribedClass: Use `described_class` instead of `TreeHaver`.", 2434546347],
    [85, 7, 9, "RSpec/DescribedClass: Use `described_class` instead of `TreeHaver`.", 2434546347],
    [86, 14, 9, "RSpec/DescribedClass: Use `described_class` instead of `TreeHaver`.", 2434546347],
    [90, 7, 9, "RSpec/DescribedClass: Use `described_class` instead of `TreeHaver`.", 2434546347],
    [91, 7, 9, "RSpec/DescribedClass: Use `described_class` instead of `TreeHaver`.", 2434546347],
    [93, 14, 9, "RSpec/DescribedClass: Use `described_class` instead of `TreeHaver`.", 2434546347],
    [100, 9, 9, "RSpec/DescribedClass: Use `described_class` instead of `TreeHaver`.", 2434546347],
    [101, 16, 9, "RSpec/DescribedClass: Use `described_class` instead of `TreeHaver`.", 2434546347],
    [105, 9, 9, "RSpec/DescribedClass: Use `described_class` instead of `TreeHaver`.", 2434546347],
    [106, 16, 9, "RSpec/DescribedClass: Use `described_class` instead of `TreeHaver`.", 2434546347],
    [110, 9, 9, "RSpec/DescribedClass: Use `described_class` instead of `TreeHaver`.", 2434546347],
    [111, 16, 9, "RSpec/DescribedClass: Use `described_class` instead of `TreeHaver`.", 2434546347],
    [115, 9, 9, "RSpec/DescribedClass: Use `described_class` instead of `TreeHaver`.", 2434546347],
    [116, 16, 9, "RSpec/DescribedClass: Use `described_class` instead of `TreeHaver`.", 2434546347],
    [122, 9, 9, "RSpec/DescribedClass: Use `described_class` instead of `TreeHaver`.", 2434546347],
    [128, 16, 9, "RSpec/DescribedClass: Use `described_class` instead of `TreeHaver`.", 2434546347],
    [134, 16, 9, "RSpec/DescribedClass: Use `described_class` instead of `TreeHaver`.", 2434546347],
    [141, 16, 9, "RSpec/DescribedClass: Use `described_class` instead of `TreeHaver`.", 2434546347],
    [149, 16, 9, "RSpec/DescribedClass: Use `described_class` instead of `TreeHaver`.", 2434546347],
    [158, 16, 9, "RSpec/DescribedClass: Use `described_class` instead of `TreeHaver`.", 2434546347],
    [165, 13, 9, "RSpec/DescribedClass: Use `described_class` instead of `TreeHaver`.", 2434546347],
    [167, 14, 9, "RSpec/DescribedClass: Use `described_class` instead of `TreeHaver`.", 2434546347],
    [171, 13, 9, "RSpec/DescribedClass: Use `described_class` instead of `TreeHaver`.", 2434546347],
    [172, 14, 9, "RSpec/DescribedClass: Use `described_class` instead of `TreeHaver`.", 2434546347],
    [179, 7, 9, "RSpec/DescribedClass: Use `described_class` instead of `TreeHaver`.", 2434546347],
    [186, 7, 9, "RSpec/DescribedClass: Use `described_class` instead of `TreeHaver`.", 2434546347],
    [193, 7, 9, "RSpec/DescribedClass: Use `described_class` instead of `TreeHaver`.", 2434546347],
    [194, 14, 9, "RSpec/DescribedClass: Use `described_class` instead of `TreeHaver`.", 2434546347],
    [195, 7, 9, "RSpec/DescribedClass: Use `described_class` instead of `TreeHaver`.", 2434546347],
    [196, 14, 9, "RSpec/DescribedClass: Use `described_class` instead of `TreeHaver`.", 2434546347],
    [202, 7, 9, "RSpec/DescribedClass: Use `described_class` instead of `TreeHaver`.", 2434546347],
    [203, 16, 9, "RSpec/DescribedClass: Use `described_class` instead of `TreeHaver`.", 2434546347],
    [212, 16, 19, "RSpec/DescribedClass: Use `described_class` instead of `TreeHaver::Language`.", 4175521369],
    [218, 9, 19, "RSpec/DescribedClass: Use `described_class` instead of `TreeHaver::Language`.", 4175521369],
    [222, 16, 19, "RSpec/DescribedClass: Use `described_class` instead of `TreeHaver::Language`.", 4175521369],
    [228, 9, 19, "RSpec/DescribedClass: Use `described_class` instead of `TreeHaver::Language`.", 4175521369],
    [233, 15, 17, "RSpec/ContextWording: Context description should match /^when\\b/, /^with\\b/, or /^without\\b/.", 1574681539],
    [236, 13, 19, "RSpec/DescribedClass: Use `described_class` instead of `TreeHaver::Language`.", 4175521369],
    [242, 13, 19, "RSpec/DescribedClass: Use `described_class` instead of `TreeHaver::Language`.", 4175521369],
    [250, 13, 19, "RSpec/DescribedClass: Use `described_class` instead of `TreeHaver::Language`.", 4175521369],
    [262, 13, 19, "RSpec/DescribedClass: Use `described_class` instead of `TreeHaver::Language`.", 4175521369],
    [283, 20, 19, "RSpec/DescribedClass: Use `described_class` instead of `TreeHaver::Language`.", 4175521369],
    [294, 11, 19, "RSpec/DescribedClass: Use `described_class` instead of `TreeHaver::Language`.", 4175521369],
    [295, 11, 19, "RSpec/DescribedClass: Use `described_class` instead of `TreeHaver::Language`.", 4175521369],
    [317, 20, 19, "RSpec/DescribedClass: Use `described_class` instead of `TreeHaver::Language`.", 4175521369],
    [333, 13, 17, "RSpec/DescribedClass: Use `described_class` instead of `TreeHaver::Parser`.", 1511523948],
    [354, 20, 17, "RSpec/DescribedClass: Use `described_class` instead of `TreeHaver::Parser`.", 1511523948],
    [377, 18, 17, "RSpec/DescribedClass: Use `described_class` instead of `TreeHaver::Parser`.", 1511523948],
    [403, 18, 17, "RSpec/DescribedClass: Use `described_class` instead of `TreeHaver::Parser`.", 1511523948],
    [428, 9, 62, "RSpec/ReceiveMessages: Use `receive_messages` instead of multiple stubs on lines [429].", 3746162693],
    [429, 9, 69, "RSpec/ReceiveMessages: Use `receive_messages` instead of multiple stubs on lines [428].", 2882417711],
    [434, 18, 17, "RSpec/DescribedClass: Use `described_class` instead of `TreeHaver::Parser`.", 1511523948],
    [441, 18, 17, "RSpec/DescribedClass: Use `described_class` instead of `TreeHaver::Parser`.", 1511523948],
    [449, 18, 17, "RSpec/DescribedClass: Use `described_class` instead of `TreeHaver::Parser`.", 1511523948],
    [475, 20, 17, "RSpec/DescribedClass: Use `described_class` instead of `TreeHaver::Parser`.", 1511523948],
    [481, 20, 17, "RSpec/DescribedClass: Use `described_class` instead of `TreeHaver::Parser`.", 1511523948],
    [497, 16, 15, "RSpec/DescribedClass: Use `described_class` instead of `TreeHaver::Tree`.", 1835454893],
    [508, 18, 15, "RSpec/DescribedClass: Use `described_class` instead of `TreeHaver::Tree`.", 1835454893],
    [536, 18, 15, "RSpec/DescribedClass: Use `described_class` instead of `TreeHaver::Tree`.", 1835454893],
    [555, 16, 15, "RSpec/DescribedClass: Use `described_class` instead of `TreeHaver::Tree`.", 1835454893],
    [562, 16, 15, "RSpec/DescribedClass: Use `described_class` instead of `TreeHaver::Tree`.", 1835454893],
    [583, 16, 15, "RSpec/DescribedClass: Use `described_class` instead of `TreeHaver::Node`.", 1834687435],
    [597, 16, 15, "RSpec/DescribedClass: Use `described_class` instead of `TreeHaver::Node`.", 1834687435],
    [601, 40, 15, "RSpec/DescribedClass: Use `described_class` instead of `TreeHaver::Node`.", 1834687435],
    [606, 16, 15, "RSpec/DescribedClass: Use `described_class` instead of `TreeHaver::Node`.", 1834687435],
    [614, 16, 15, "RSpec/DescribedClass: Use `described_class` instead of `TreeHaver::Node`.", 1834687435],
    [622, 16, 15, "RSpec/DescribedClass: Use `described_class` instead of `TreeHaver::Node`.", 1834687435],
    [630, 16, 15, "RSpec/DescribedClass: Use `described_class` instead of `TreeHaver::Node`.", 1834687435],
    [637, 16, 15, "RSpec/DescribedClass: Use `described_class` instead of `TreeHaver::Node`.", 1834687435],
    [645, 16, 15, "RSpec/DescribedClass: Use `described_class` instead of `TreeHaver::Node`.", 1834687435],
    [651, 16, 15, "RSpec/DescribedClass: Use `described_class` instead of `TreeHaver::Node`.", 1834687435],
    [658, 16, 15, "RSpec/DescribedClass: Use `described_class` instead of `TreeHaver::Node`.", 1834687435],
    [666, 16, 15, "RSpec/DescribedClass: Use `described_class` instead of `TreeHaver::Node`.", 1834687435],
    [672, 16, 15, "RSpec/DescribedClass: Use `described_class` instead of `TreeHaver::Node`.", 1834687435],
    [679, 16, 15, "RSpec/DescribedClass: Use `described_class` instead of `TreeHaver::Node`.", 1834687435],
    [686, 16, 15, "RSpec/DescribedClass: Use `described_class` instead of `TreeHaver::Node`.", 1834687435],
    [695, 16, 15, "RSpec/DescribedClass: Use `described_class` instead of `TreeHaver::Node`.", 1834687435],
    [702, 16, 15, "RSpec/DescribedClass: Use `described_class` instead of `TreeHaver::Node`.", 1834687435],
    [710, 16, 15, "RSpec/DescribedClass: Use `described_class` instead of `TreeHaver::Node`.", 1834687435],
    [717, 16, 15, "RSpec/DescribedClass: Use `described_class` instead of `TreeHaver::Node`.", 1834687435]
  ],
  "tree_haver.gemspec:3072773552": [
    [7, 1, 15, "Lint/OrderedMagicComments: The encoding magic comment should precede all other magic comments.", 3274088582],
    [161, 3, 24, "Gemspec/DuplicatedAssignment: `name=` method calls already given on line 26 of the gemspec.", 3130674213],
    [162, 3, 26, "Gemspec/DuplicatedAssignment: `version=` method calls already given on line 27 of the gemspec.", 1207623843],
    [163, 3, 34, "Gemspec/DuplicatedAssignment: `authors=` method calls already given on line 28 of the gemspec.", 2491729986],
    [164, 3, 33, "Gemspec/DuplicatedAssignment: `email=` method calls already given on line 29 of the gemspec.", 367418200],
    [166, 3, 19, "Gemspec/DuplicatedAssignment: `summary=` method calls already given on line 31 of the gemspec.", 246913992],
    [167, 3, 23, "Gemspec/DuplicatedAssignment: `description=` method calls already given on line 32 of the gemspec.", 3968129986],
    [168, 3, 57, "Gemspec/DuplicatedAssignment: `homepage=` method calls already given on line 33 of the gemspec.", 2260530463],
    [169, 3, 23, "Gemspec/DuplicatedAssignment: `licenses=` method calls already given on line 34 of the gemspec.", 2218131949],
    [170, 3, 39, "Gemspec/DuplicatedAssignment: `required_ruby_version=` method calls already given on line 35 of the gemspec.", 3534584878],
    [176, 3, 24, "Gemspec/DuplicatedAssignment: `name=` method calls already given on line 26 of the gemspec.", 3130674213],
    [177, 3, 26, "Gemspec/DuplicatedAssignment: `version=` method calls already given on line 27 of the gemspec.", 1207623843],
    [178, 3, 34, "Gemspec/DuplicatedAssignment: `authors=` method calls already given on line 28 of the gemspec.", 2491729986],
    [179, 3, 33, "Gemspec/DuplicatedAssignment: `email=` method calls already given on line 29 of the gemspec.", 367418200],
    [181, 3, 19, "Gemspec/DuplicatedAssignment: `summary=` method calls already given on line 31 of the gemspec.", 246913992],
    [182, 3, 23, "Gemspec/DuplicatedAssignment: `description=` method calls already given on line 32 of the gemspec.", 3968129986],
    [183, 3, 57, "Gemspec/DuplicatedAssignment: `homepage=` method calls already given on line 33 of the gemspec.", 2260530463],
    [184, 3, 23, "Gemspec/DuplicatedAssignment: `licenses=` method calls already given on line 34 of the gemspec.", 2218131949],
    [185, 3, 39, "Gemspec/DuplicatedAssignment: `required_ruby_version=` method calls already given on line 35 of the gemspec.", 3534584878],
    [191, 3, 24, "Gemspec/DuplicatedAssignment: `name=` method calls already given on line 26 of the gemspec.", 3130674213],
    [192, 3, 26, "Gemspec/DuplicatedAssignment: `version=` method calls already given on line 27 of the gemspec.", 1207623843],
    [193, 3, 34, "Gemspec/DuplicatedAssignment: `authors=` method calls already given on line 28 of the gemspec.", 2491729986],
    [194, 3, 33, "Gemspec/DuplicatedAssignment: `email=` method calls already given on line 29 of the gemspec.", 367418200],
    [196, 3, 19, "Gemspec/DuplicatedAssignment: `summary=` method calls already given on line 31 of the gemspec.", 246913992],
    [197, 3, 23, "Gemspec/DuplicatedAssignment: `description=` method calls already given on line 32 of the gemspec.", 3968129986],
    [198, 3, 57, "Gemspec/DuplicatedAssignment: `homepage=` method calls already given on line 33 of the gemspec.", 2260530463],
    [199, 3, 23, "Gemspec/DuplicatedAssignment: `licenses=` method calls already given on line 34 of the gemspec.", 2218131949],
    [200, 3, 39, "Gemspec/DuplicatedAssignment: `required_ruby_version=` method calls already given on line 35 of the gemspec.", 3534584878],
    [206, 3, 24, "Gemspec/DuplicatedAssignment: `name=` method calls already given on line 26 of the gemspec.", 3130674213],
    [207, 3, 26, "Gemspec/DuplicatedAssignment: `version=` method calls already given on line 27 of the gemspec.", 1207623843],
    [208, 3, 34, "Gemspec/DuplicatedAssignment: `authors=` method calls already given on line 28 of the gemspec.", 2491729986],
    [209, 3, 33, "Gemspec/DuplicatedAssignment: `email=` method calls already given on line 29 of the gemspec.", 367418200],
    [211, 3, 19, "Gemspec/DuplicatedAssignment: `summary=` method calls already given on line 31 of the gemspec.", 246913992],
    [212, 3, 23, "Gemspec/DuplicatedAssignment: `description=` method calls already given on line 32 of the gemspec.", 3968129986],
    [213, 3, 57, "Gemspec/DuplicatedAssignment: `homepage=` method calls already given on line 33 of the gemspec.", 2260530463],
    [214, 3, 23, "Gemspec/DuplicatedAssignment: `licenses=` method calls already given on line 34 of the gemspec.", 2218131949],
    [215, 3, 39, "Gemspec/DuplicatedAssignment: `required_ruby_version=` method calls already given on line 35 of the gemspec.", 3534584878],
    [221, 3, 24, "Gemspec/DuplicatedAssignment: `name=` method calls already given on line 26 of the gemspec.", 3130674213],
    [222, 3, 26, "Gemspec/DuplicatedAssignment: `version=` method calls already given on line 27 of the gemspec.", 1207623843],
    [223, 3, 34, "Gemspec/DuplicatedAssignment: `authors=` method calls already given on line 28 of the gemspec.", 2491729986],
    [224, 3, 33, "Gemspec/DuplicatedAssignment: `email=` method calls already given on line 29 of the gemspec.", 367418200],
    [226, 3, 19, "Gemspec/DuplicatedAssignment: `summary=` method calls already given on line 31 of the gemspec.", 246913992],
    [227, 3, 23, "Gemspec/DuplicatedAssignment: `description=` method calls already given on line 32 of the gemspec.", 3968129986],
    [228, 3, 57, "Gemspec/DuplicatedAssignment: `homepage=` method calls already given on line 33 of the gemspec.", 2260530463],
    [229, 3, 23, "Gemspec/DuplicatedAssignment: `licenses=` method calls already given on line 34 of the gemspec.", 2218131949],
    [230, 3, 39, "Gemspec/DuplicatedAssignment: `required_ruby_version=` method calls already given on line 35 of the gemspec.", 3534584878],
    [236, 3, 24, "Gemspec/DuplicatedAssignment: `name=` method calls already given on line 26 of the gemspec.", 3130674213],
    [237, 3, 26, "Gemspec/DuplicatedAssignment: `version=` method calls already given on line 27 of the gemspec.", 1207623843],
    [238, 3, 34, "Gemspec/DuplicatedAssignment: `authors=` method calls already given on line 28 of the gemspec.", 2491729986],
    [239, 3, 33, "Gemspec/DuplicatedAssignment: `email=` method calls already given on line 29 of the gemspec.", 367418200],
    [241, 3, 19, "Gemspec/DuplicatedAssignment: `summary=` method calls already given on line 31 of the gemspec.", 246913992],
    [242, 3, 23, "Gemspec/DuplicatedAssignment: `description=` method calls already given on line 32 of the gemspec.", 3968129986],
    [243, 3, 57, "Gemspec/DuplicatedAssignment: `homepage=` method calls already given on line 33 of the gemspec.", 2260530463],
    [244, 3, 23, "Gemspec/DuplicatedAssignment: `licenses=` method calls already given on line 34 of the gemspec.", 2218131949],
    [245, 3, 39, "Gemspec/DuplicatedAssignment: `required_ruby_version=` method calls already given on line 35 of the gemspec.", 3534584878],
    [251, 3, 24, "Gemspec/DuplicatedAssignment: `name=` method calls already given on line 26 of the gemspec.", 3130674213],
    [252, 3, 26, "Gemspec/DuplicatedAssignment: `version=` method calls already given on line 27 of the gemspec.", 1207623843],
    [253, 3, 34, "Gemspec/DuplicatedAssignment: `authors=` method calls already given on line 28 of the gemspec.", 2491729986],
    [254, 3, 33, "Gemspec/DuplicatedAssignment: `email=` method calls already given on line 29 of the gemspec.", 367418200],
    [256, 3, 19, "Gemspec/DuplicatedAssignment: `summary=` method calls already given on line 31 of the gemspec.", 246913992],
    [257, 3, 23, "Gemspec/DuplicatedAssignment: `description=` method calls already given on line 32 of the gemspec.", 3968129986],
    [258, 3, 57, "Gemspec/DuplicatedAssignment: `homepage=` method calls already given on line 33 of the gemspec.", 2260530463],
    [259, 3, 23, "Gemspec/DuplicatedAssignment: `licenses=` method calls already given on line 34 of the gemspec.", 2218131949],
    [260, 3, 39, "Gemspec/DuplicatedAssignment: `required_ruby_version=` method calls already given on line 35 of the gemspec.", 3534584878],
    [266, 3, 24, "Gemspec/DuplicatedAssignment: `name=` method calls already given on line 26 of the gemspec.", 3130674213],
    [267, 3, 26, "Gemspec/DuplicatedAssignment: `version=` method calls already given on line 27 of the gemspec.", 1207623843],
    [268, 3, 34, "Gemspec/DuplicatedAssignment: `authors=` method calls already given on line 28 of the gemspec.", 2491729986],
    [269, 3, 33, "Gemspec/DuplicatedAssignment: `email=` method calls already given on line 29 of the gemspec.", 367418200],
    [271, 3, 19, "Gemspec/DuplicatedAssignment: `summary=` method calls already given on line 31 of the gemspec.", 246913992],
    [272, 3, 23, "Gemspec/DuplicatedAssignment: `description=` method calls already given on line 32 of the gemspec.", 3968129986],
    [273, 3, 57, "Gemspec/DuplicatedAssignment: `homepage=` method calls already given on line 33 of the gemspec.", 2260530463],
    [274, 3, 23, "Gemspec/DuplicatedAssignment: `licenses=` method calls already given on line 34 of the gemspec.", 2218131949],
    [275, 3, 39, "Gemspec/DuplicatedAssignment: `required_ruby_version=` method calls already given on line 35 of the gemspec.", 3534584878],
    [281, 3, 24, "Gemspec/DuplicatedAssignment: `name=` method calls already given on line 26 of the gemspec.", 3130674213],
    [282, 3, 26, "Gemspec/DuplicatedAssignment: `version=` method calls already given on line 27 of the gemspec.", 1207623843],
    [283, 3, 34, "Gemspec/DuplicatedAssignment: `authors=` method calls already given on line 28 of the gemspec.", 2491729986],
    [284, 3, 33, "Gemspec/DuplicatedAssignment: `email=` method calls already given on line 29 of the gemspec.", 367418200],
    [286, 3, 19, "Gemspec/DuplicatedAssignment: `summary=` method calls already given on line 31 of the gemspec.", 246913992],
    [287, 3, 23, "Gemspec/DuplicatedAssignment: `description=` method calls already given on line 32 of the gemspec.", 3968129986],
    [288, 3, 57, "Gemspec/DuplicatedAssignment: `homepage=` method calls already given on line 33 of the gemspec.", 2260530463],
    [289, 3, 23, "Gemspec/DuplicatedAssignment: `licenses=` method calls already given on line 34 of the gemspec.", 2218131949],
    [290, 3, 39, "Gemspec/DuplicatedAssignment: `required_ruby_version=` method calls already given on line 35 of the gemspec.", 3534584878],
    [296, 3, 24, "Gemspec/DuplicatedAssignment: `name=` method calls already given on line 26 of the gemspec.", 3130674213],
    [297, 3, 26, "Gemspec/DuplicatedAssignment: `version=` method calls already given on line 27 of the gemspec.", 1207623843],
    [298, 3, 34, "Gemspec/DuplicatedAssignment: `authors=` method calls already given on line 28 of the gemspec.", 2491729986],
    [299, 3, 33, "Gemspec/DuplicatedAssignment: `email=` method calls already given on line 29 of the gemspec.", 367418200],
    [301, 3, 19, "Gemspec/DuplicatedAssignment: `summary=` method calls already given on line 31 of the gemspec.", 246913992],
    [302, 3, 23, "Gemspec/DuplicatedAssignment: `description=` method calls already given on line 32 of the gemspec.", 3968129986],
    [303, 3, 57, "Gemspec/DuplicatedAssignment: `homepage=` method calls already given on line 33 of the gemspec.", 2260530463],
    [304, 3, 23, "Gemspec/DuplicatedAssignment: `licenses=` method calls already given on line 34 of the gemspec.", 2218131949],
    [305, 3, 39, "Gemspec/DuplicatedAssignment: `required_ruby_version=` method calls already given on line 35 of the gemspec.", 3534584878]
  ]
}
