{
  "lib/tree_haver/backends/citrus.rb:1205276802": [
    [151, 11, 7, "Lint/Void: Variable `grammar` used in void context.", 3054482882]
  ],
  "lib/tree_haver/backends/ffi.rb:2656429613": [
    [320, 11, 4, "Lint/Void: Variable `lang` used in void context.", 2087664833]
  ],
  "lib/tree_haver/backends/rust.rb:2116965787": [
    [137, 11, 4, "Lint/Void: Variable `lang` used in void context.", 2087664833]
  ],
  "lib/tree_haver/language_registry.rb:2186049288": [
    [22, 14, 2, "ThreadSafety/MutableClassInstanceVariable: Freeze mutable objects assigned to class instance variables.", 5861859],
    [23, 22, 2, "ThreadSafety/MutableClassInstanceVariable: Freeze mutable objects assigned to class instance variables.", 5861859]
  ],
  "lib/tree_haver/path_validator.rb:1814403497": [
    [63, 35, 2, "ThreadSafety/MutableClassInstanceVariable: Freeze mutable objects assigned to class instance variables.", 5862883],
    [79, 7, 488, "Style/SafeNavigation: Use safe navigation (`&.`) instead of checking if an object exists before calling the method.", 1498565377],
    [222, 11, 12, "Lint/NoReturnInBeginEndBlocks: Do not `return` in `begin..end` blocks in assignment contexts.", 3233382162]
  ],
  "spec/tree_haver/backends/ffi_spec.rb:1971356407": [
    [146, 15, 17, "RSpec/ContextWording: Context description should match /^when\\b/, /^with\\b/, or /^without\\b/.", 1977790452]
  ],
  "spec/tree_haver/backends/java_spec.rb:254781559": [
    [133, 9, 145, "Style/IdenticalConditionalBranches: Move `expect {\n          TreeHaver::Language.from_path(\"/nonexistent/path/to/libtree-sitter-toml.so\")\n        }.to raise_error(TreeHaver::NotAvailable)` out of the conditional.", 1628826806],
    [138, 48, 25, "RSpec/DescribedClass: Use `described_class` instead of `TreeHaver::Backends::Java`.", 3890130208],
    [139, 9, 145, "Style/IdenticalConditionalBranches: Move `expect {\n          TreeHaver::Language.from_path(\"/nonexistent/path/to/libtree-sitter-toml.so\")\n        }.to raise_error(TreeHaver::NotAvailable)` out of the conditional.", 1628826806]
  ],
  "spec/tree_haver/backends/mri_spec.rb:3824838813": [
    [195, 11, 6, "RSpec/ContextWording: Context description should match /^when\\b/, /^with\\b/, or /^without\\b/.", 3194201475],
    [203, 11, 6, "RSpec/ContextWording: Context description should match /^when\\b/, /^with\\b/, or /^without\\b/.", 3178067109]
  ],
  "spec/tree_haver/language_registry_spec.rb:300445025": [
    [178, 9, 10, "ThreadSafety/NewThread: Avoid starting new threads.", 3411682361],
    [191, 9, 10, "ThreadSafety/NewThread: Avoid starting new threads.", 3411682361]
  ],
  "spec/tree_haver/language_spec.rb:1412641802": [
    [85, 14, 19, "RSpec/DescribedClass: Use `described_class` instead of `TreeHaver::Language`.", 4175521369],
    [95, 14, 19, "RSpec/DescribedClass: Use `described_class` instead of `TreeHaver::Language`.", 4175521369],
    [105, 14, 19, "RSpec/DescribedClass: Use `described_class` instead of `TreeHaver::Language`.", 4175521369]
  ],
  "spec/tree_haver/node_spec.rb:1840175851": [
    [3, 1, 45, "RSpec/MultipleDescribes: Do not use multiple top-level example groups - try to nest them.", 3523102571],
    [94, 9, 28, "RSpec/StubbedMock: Prefer `allow` over `expect` when configuring a response.", 3667764013],
    [128, 14, 13, "RSpec/ExpectActual: Provide the actual value you are testing to `expect(...)`.", 414119492],
    [156, 14, 13, "RSpec/ExpectActual: Provide the actual value you are testing to `expect(...)`.", 414119492],
    [202, 31, 15, "RSpec/DescribedClass: Use `described_class` instead of `TreeHaver::Node`.", 1834687435],
    [222, 36, 15, "RSpec/DescribedClass: Use `described_class` instead of `TreeHaver::Node`.", 1834687435],
    [244, 31, 15, "RSpec/DescribedClass: Use `described_class` instead of `TreeHaver::Node`.", 1834687435],
    [270, 38, 15, "RSpec/DescribedClass: Use `described_class` instead of `TreeHaver::Node`.", 1834687435],
    [303, 34, 15, "RSpec/DescribedClass: Use `described_class` instead of `TreeHaver::Node`.", 1834687435],
    [330, 35, 15, "RSpec/DescribedClass: Use `described_class` instead of `TreeHaver::Node`.", 1834687435],
    [357, 35, 15, "RSpec/DescribedClass: Use `described_class` instead of `TreeHaver::Node`.", 1834687435]
  ],
  "spec/tree_haver/parser_spec.rb:4240465188": [
    [91, 7, 307, "RSpec/RepeatedExample: Don't repeat examples within an example group. Repeated on line(s) 99.", 3525463571],
    [99, 7, 231, "RSpec/RepeatedExample: Don't repeat examples within an example group. Repeated on line(s) 91.", 4265376501]
  ],
  "spec/tree_haver/tree_spec.rb:4078601891": [
    [86, 14, 13, "RSpec/ExpectActual: Provide the actual value you are testing to `expect(...)`.", 414119492]
  ],
  "spec/tree_haver_spec.rb:641431012": [
    [5, 5, 9, "RSpec/DescribedClass: Use `described_class` instead of `TreeHaver`.", 2434546347],
    [6, 5, 9, "RSpec/DescribedClass: Use `described_class` instead of `TreeHaver`.", 2434546347],
    [10, 5, 9, "RSpec/DescribedClass: Use `described_class` instead of `TreeHaver`.", 2434546347],
    [11, 5, 9, "RSpec/DescribedClass: Use `described_class` instead of `TreeHaver`.", 2434546347],
    [20, 7, 9, "RSpec/DescribedClass: Use `described_class` instead of `TreeHaver`.", 2434546347],
    [23, 7, 9, "RSpec/DescribedClass: Use `described_class` instead of `TreeHaver`.", 2434546347],
    [24, 14, 9, "RSpec/DescribedClass: Use `described_class` instead of `TreeHaver`.", 2434546347],
    [28, 7, 9, "RSpec/DescribedClass: Use `described_class` instead of `TreeHaver`.", 2434546347],
    [30, 14, 9, "RSpec/DescribedClass: Use `described_class` instead of `TreeHaver`.", 2434546347],
    [34, 7, 9, "RSpec/DescribedClass: Use `described_class` instead of `TreeHaver`.", 2434546347],
    [36, 14, 9, "RSpec/DescribedClass: Use `described_class` instead of `TreeHaver`.", 2434546347],
    [40, 7, 9, "RSpec/DescribedClass: Use `described_class` instead of `TreeHaver`.", 2434546347],
    [42, 14, 9, "RSpec/DescribedClass: Use `described_class` instead of `TreeHaver`.", 2434546347],
    [46, 7, 9, "RSpec/DescribedClass: Use `described_class` instead of `TreeHaver`.", 2434546347],
    [48, 14, 9, "RSpec/DescribedClass: Use `described_class` instead of `TreeHaver`.", 2434546347],
    [52, 7, 9, "RSpec/DescribedClass: Use `described_class` instead of `TreeHaver`.", 2434546347],
    [54, 14, 9, "RSpec/DescribedClass: Use `described_class` instead of `TreeHaver`.", 2434546347],
    [60, 7, 9, "RSpec/DescribedClass: Use `described_class` instead of `TreeHaver`.", 2434546347],
    [61, 14, 9, "RSpec/DescribedClass: Use `described_class` instead of `TreeHaver`.", 2434546347],
    [65, 7, 9, "RSpec/DescribedClass: Use `described_class` instead of `TreeHaver`.", 2434546347],
    [66, 14, 9, "RSpec/DescribedClass: Use `described_class` instead of `TreeHaver`.", 2434546347],
    [70, 7, 9, "RSpec/DescribedClass: Use `described_class` instead of `TreeHaver`.", 2434546347],
    [72, 14, 9, "RSpec/DescribedClass: Use `described_class` instead of `TreeHaver`.", 2434546347],
    [78, 7, 9, "RSpec/DescribedClass: Use `described_class` instead of `TreeHaver`.", 2434546347],
    [79, 7, 9, "RSpec/DescribedClass: Use `described_class` instead of `TreeHaver`.", 2434546347],
    [80, 14, 9, "RSpec/DescribedClass: Use `described_class` instead of `TreeHaver`.", 2434546347],
    [84, 7, 9, "RSpec/DescribedClass: Use `described_class` instead of `TreeHaver`.", 2434546347],
    [85, 7, 9, "RSpec/DescribedClass: Use `described_class` instead of `TreeHaver`.", 2434546347],
    [86, 14, 9, "RSpec/DescribedClass: Use `described_class` instead of `TreeHaver`.", 2434546347],
    [90, 7, 9, "RSpec/DescribedClass: Use `described_class` instead of `TreeHaver`.", 2434546347],
    [91, 7, 9, "RSpec/DescribedClass: Use `described_class` instead of `TreeHaver`.", 2434546347],
    [93, 14, 9, "RSpec/DescribedClass: Use `described_class` instead of `TreeHaver`.", 2434546347],
    [100, 9, 9, "RSpec/DescribedClass: Use `described_class` instead of `TreeHaver`.", 2434546347],
    [101, 16, 9, "RSpec/DescribedClass: Use `described_class` instead of `TreeHaver`.", 2434546347],
    [105, 9, 9, "RSpec/DescribedClass: Use `described_class` instead of `TreeHaver`.", 2434546347],
    [106, 16, 9, "RSpec/DescribedClass: Use `described_class` instead of `TreeHaver`.", 2434546347],
    [110, 9, 9, "RSpec/DescribedClass: Use `described_class` instead of `TreeHaver`.", 2434546347],
    [111, 16, 9, "RSpec/DescribedClass: Use `described_class` instead of `TreeHaver`.", 2434546347],
    [115, 9, 9, "RSpec/DescribedClass: Use `described_class` instead of `TreeHaver`.", 2434546347],
    [116, 16, 9, "RSpec/DescribedClass: Use `described_class` instead of `TreeHaver`.", 2434546347],
    [122, 9, 9, "RSpec/DescribedClass: Use `described_class` instead of `TreeHaver`.", 2434546347],
    [128, 16, 9, "RSpec/DescribedClass: Use `described_class` instead of `TreeHaver`.", 2434546347],
    [134, 16, 9, "RSpec/DescribedClass: Use `described_class` instead of `TreeHaver`.", 2434546347],
    [141, 16, 9, "RSpec/DescribedClass: Use `described_class` instead of `TreeHaver`.", 2434546347],
    [149, 16, 9, "RSpec/DescribedClass: Use `described_class` instead of `TreeHaver`.", 2434546347],
    [159, 16, 9, "RSpec/DescribedClass: Use `described_class` instead of `TreeHaver`.", 2434546347],
    [166, 13, 9, "RSpec/DescribedClass: Use `described_class` instead of `TreeHaver`.", 2434546347],
    [168, 14, 9, "RSpec/DescribedClass: Use `described_class` instead of `TreeHaver`.", 2434546347],
    [172, 13, 9, "RSpec/DescribedClass: Use `described_class` instead of `TreeHaver`.", 2434546347],
    [173, 14, 9, "RSpec/DescribedClass: Use `described_class` instead of `TreeHaver`.", 2434546347],
    [180, 7, 9, "RSpec/DescribedClass: Use `described_class` instead of `TreeHaver`.", 2434546347],
    [187, 7, 9, "RSpec/DescribedClass: Use `described_class` instead of `TreeHaver`.", 2434546347],
    [194, 7, 9, "RSpec/DescribedClass: Use `described_class` instead of `TreeHaver`.", 2434546347],
    [195, 14, 9, "RSpec/DescribedClass: Use `described_class` instead of `TreeHaver`.", 2434546347],
    [196, 7, 9, "RSpec/DescribedClass: Use `described_class` instead of `TreeHaver`.", 2434546347],
    [197, 14, 9, "RSpec/DescribedClass: Use `described_class` instead of `TreeHaver`.", 2434546347],
    [203, 7, 9, "RSpec/DescribedClass: Use `described_class` instead of `TreeHaver`.", 2434546347],
    [204, 16, 9, "RSpec/DescribedClass: Use `described_class` instead of `TreeHaver`.", 2434546347],
    [213, 16, 19, "RSpec/DescribedClass: Use `described_class` instead of `TreeHaver::Language`.", 4175521369],
    [219, 9, 19, "RSpec/DescribedClass: Use `described_class` instead of `TreeHaver::Language`.", 4175521369],
    [223, 16, 19, "RSpec/DescribedClass: Use `described_class` instead of `TreeHaver::Language`.", 4175521369],
    [229, 9, 19, "RSpec/DescribedClass: Use `described_class` instead of `TreeHaver::Language`.", 4175521369],
    [234, 15, 17, "RSpec/ContextWording: Context description should match /^when\\b/, /^with\\b/, or /^without\\b/.", 1574681539],
    [237, 13, 19, "RSpec/DescribedClass: Use `described_class` instead of `TreeHaver::Language`.", 4175521369],
    [243, 13, 19, "RSpec/DescribedClass: Use `described_class` instead of `TreeHaver::Language`.", 4175521369],
    [251, 13, 19, "RSpec/DescribedClass: Use `described_class` instead of `TreeHaver::Language`.", 4175521369],
    [263, 13, 19, "RSpec/DescribedClass: Use `described_class` instead of `TreeHaver::Language`.", 4175521369],
    [284, 20, 19, "RSpec/DescribedClass: Use `described_class` instead of `TreeHaver::Language`.", 4175521369],
    [295, 11, 19, "RSpec/DescribedClass: Use `described_class` instead of `TreeHaver::Language`.", 4175521369],
    [296, 11, 19, "RSpec/DescribedClass: Use `described_class` instead of `TreeHaver::Language`.", 4175521369],
    [318, 20, 19, "RSpec/DescribedClass: Use `described_class` instead of `TreeHaver::Language`.", 4175521369],
    [334, 13, 17, "RSpec/DescribedClass: Use `described_class` instead of `TreeHaver::Parser`.", 1511523948],
    [355, 20, 17, "RSpec/DescribedClass: Use `described_class` instead of `TreeHaver::Parser`.", 1511523948],
    [378, 18, 17, "RSpec/DescribedClass: Use `described_class` instead of `TreeHaver::Parser`.", 1511523948],
    [404, 18, 17, "RSpec/DescribedClass: Use `described_class` instead of `TreeHaver::Parser`.", 1511523948],
    [429, 9, 62, "RSpec/ReceiveMessages: Use `receive_messages` instead of multiple stubs on lines [430].", 3746162693],
    [430, 9, 69, "RSpec/ReceiveMessages: Use `receive_messages` instead of multiple stubs on lines [429].", 2882417711],
    [435, 18, 17, "RSpec/DescribedClass: Use `described_class` instead of `TreeHaver::Parser`.", 1511523948],
    [442, 18, 17, "RSpec/DescribedClass: Use `described_class` instead of `TreeHaver::Parser`.", 1511523948],
    [450, 18, 17, "RSpec/DescribedClass: Use `described_class` instead of `TreeHaver::Parser`.", 1511523948],
    [476, 20, 17, "RSpec/DescribedClass: Use `described_class` instead of `TreeHaver::Parser`.", 1511523948],
    [482, 20, 17, "RSpec/DescribedClass: Use `described_class` instead of `TreeHaver::Parser`.", 1511523948],
    [498, 16, 15, "RSpec/DescribedClass: Use `described_class` instead of `TreeHaver::Tree`.", 1835454893],
    [509, 18, 15, "RSpec/DescribedClass: Use `described_class` instead of `TreeHaver::Tree`.", 1835454893],
    [537, 18, 15, "RSpec/DescribedClass: Use `described_class` instead of `TreeHaver::Tree`.", 1835454893],
    [556, 16, 15, "RSpec/DescribedClass: Use `described_class` instead of `TreeHaver::Tree`.", 1835454893],
    [563, 16, 15, "RSpec/DescribedClass: Use `described_class` instead of `TreeHaver::Tree`.", 1835454893],
    [584, 16, 15, "RSpec/DescribedClass: Use `described_class` instead of `TreeHaver::Node`.", 1834687435],
    [598, 16, 15, "RSpec/DescribedClass: Use `described_class` instead of `TreeHaver::Node`.", 1834687435],
    [602, 40, 15, "RSpec/DescribedClass: Use `described_class` instead of `TreeHaver::Node`.", 1834687435],
    [607, 16, 15, "RSpec/DescribedClass: Use `described_class` instead of `TreeHaver::Node`.", 1834687435],
    [615, 16, 15, "RSpec/DescribedClass: Use `described_class` instead of `TreeHaver::Node`.", 1834687435],
    [623, 16, 15, "RSpec/DescribedClass: Use `described_class` instead of `TreeHaver::Node`.", 1834687435],
    [631, 16, 15, "RSpec/DescribedClass: Use `described_class` instead of `TreeHaver::Node`.", 1834687435],
    [638, 16, 15, "RSpec/DescribedClass: Use `described_class` instead of `TreeHaver::Node`.", 1834687435],
    [646, 16, 15, "RSpec/DescribedClass: Use `described_class` instead of `TreeHaver::Node`.", 1834687435],
    [652, 16, 15, "RSpec/DescribedClass: Use `described_class` instead of `TreeHaver::Node`.", 1834687435],
    [660, 16, 15, "RSpec/DescribedClass: Use `described_class` instead of `TreeHaver::Node`.", 1834687435],
    [668, 16, 15, "RSpec/DescribedClass: Use `described_class` instead of `TreeHaver::Node`.", 1834687435],
    [674, 16, 15, "RSpec/DescribedClass: Use `described_class` instead of `TreeHaver::Node`.", 1834687435],
    [681, 16, 15, "RSpec/DescribedClass: Use `described_class` instead of `TreeHaver::Node`.", 1834687435],
    [689, 16, 15, "RSpec/DescribedClass: Use `described_class` instead of `TreeHaver::Node`.", 1834687435],
    [698, 16, 15, "RSpec/DescribedClass: Use `described_class` instead of `TreeHaver::Node`.", 1834687435],
    [705, 16, 15, "RSpec/DescribedClass: Use `described_class` instead of `TreeHaver::Node`.", 1834687435],
    [713, 16, 15, "RSpec/DescribedClass: Use `described_class` instead of `TreeHaver::Node`.", 1834687435],
    [720, 16, 15, "RSpec/DescribedClass: Use `described_class` instead of `TreeHaver::Node`.", 1834687435]
  ]
}
